
Microsoft Visual Studio Solution File, Format Version 12.00
# Visual Studio Version 16
VisualStudioVersion = 16.0.32002.261
MinimumVisualStudioVersion = 10.0.40219.1
Project("{9A19103F-16F7-4668-BE54-9A1E7A4F7556}") = "Web", "Web\Web.csproj", "{7B579520-77DD-444C-92EF-229F53DF96AA}"
EndProject
Project("{FAE04EC0-301F-11D3-BF4B-00C04F79EFBC}") = "Api", "Api\Api.csproj", "{BC3E99D8-5101-4BFD-B4A2-0FD237D05C79}"
EndProject
Global
	GlobalSection(SolutionConfigurationPlatforms) = preSolution
		Debug|Any CPU = Debug|Any CPU
		Release|Any CPU = Release|Any CPU
	EndGlobalSection
	GlobalSection(ProjectConfigurationPlatforms) = postSolution
		{7B579520-77DD-444C-92EF-229F53DF96AA}.Debug|Any CPU.ActiveCfg = Debug|Any CPU
		{7B579520-77DD-444C-92EF-229F53DF96AA}.Debug|Any CPU.Build.0 = Debug|Any CPU
		{7B579520-77DD-444C-92EF-229F53DF96AA}.Release|Any CPU.ActiveCfg = Release|Any CPU
		{7B579520-77DD-444C-92EF-229F53DF96AA}.Release|Any CPU.Build.0 = Release|Any CPU
		{BC3E99D8-5101-4BFD-B4A2-0FD237D05C79}.Debug|Any CPU.ActiveCfg = Debug|Any CPU
		{BC3E99D8-5101-4BFD-B4A2-0FD237D05C79}.Debug|Any CPU.Build.0 = Debug|Any CPU
		{BC3E99D8-5101-4BFD-B4A2-0FD237D05C79}.Release|Any CPU.ActiveCfg = Release|Any CPU
		{BC3E99D8-5101-4BFD-B4A2-0FD237D05C79}.Release|Any CPU.Build.0 = Release|Any CPU
	EndGlobalSection
	GlobalSection(SolutionProperties) = preSolution
		HideSolutionNode = FALSE
	EndGlobalSection
	GlobalSection(ExtensibilityGlobals) = postSolution
		SolutionGuid = {6BB33604-A46D-4A17-842B-907391691258}
	EndGlobalSection
EndGlobal
